// !$*UTF8*$!
{
	archiveVersion = 1;
	classes = {
	};
	objectVersion = 56;
	objects = {

/* Begin PBXBuildFile section */
		CE7416F42A8FD2C800486CF9 /* URLSession_Framework.docc in Sources */ = {isa = PBXBuildFile; fileRef = CE7416F32A8FD2C800486CF9 /* URLSession_Framework.docc */; };
		CE7416FA2A8FD2C800486CF9 /* URLSession_Framework.framework in Frameworks */ = {isa = PBXBuildFile; fileRef = CE7416EF2A8FD2C800486CF9 /* URLSession_Framework.framework */; };
		CE7416FF2A8FD2C800486CF9 /* URLSession_FrameworkTests.swift in Sources */ = {isa = PBXBuildFile; fileRef = CE7416FE2A8FD2C800486CF9 /* URLSession_FrameworkTests.swift */; };
		CE7417002A8FD2C800486CF9 /* URLSession_Framework.h in Headers */ = {isa = PBXBuildFile; fileRef = CE7416F22A8FD2C800486CF9 /* URLSession_Framework.h */; settings = {ATTRIBUTES = (Public, ); }; };
		CE7417382A8FD35100486CF9 /* Helper.swift in Sources */ = {isa = PBXBuildFile; fileRef = CE7417372A8FD35100486CF9 /* Helper.swift */; };
		CE74173D2A8FE64700486CF9 /* NetworkManager.swift in Sources */ = {isa = PBXBuildFile; fileRef = CE74173C2A8FE64700486CF9 /* NetworkManager.swift */; };
		CE74173F2A8FE65400486CF9 /* Requestable.swift in Sources */ = {isa = PBXBuildFile; fileRef = CE74173E2A8FE65400486CF9 /* Requestable.swift */; };
		CE7417412A8FE65F00486CF9 /* NetworkMethod.swift in Sources */ = {isa = PBXBuildFile; fileRef = CE7417402A8FE65F00486CF9 /* NetworkMethod.swift */; };
		CE7417432A8FE66900486CF9 /* NetworkTask.swift in Sources */ = {isa = PBXBuildFile; fileRef = CE7417422A8FE66900486CF9 /* NetworkTask.swift */; };
		CE7417452A8FE67400486CF9 /* ImageDownloader.swift in Sources */ = {isa = PBXBuildFile; fileRef = CE7417442A8FE67400486CF9 /* ImageDownloader.swift */; };
		CE7417472A8FE78300486CF9 /* Extension + Data.swift in Sources */ = {isa = PBXBuildFile; fileRef = CE7417462A8FE78300486CF9 /* Extension + Data.swift */; };
		CE7417492A8FE86200486CF9 /* Extension + Dictionary.swift in Sources */ = {isa = PBXBuildFile; fileRef = CE7417482A8FE86200486CF9 /* Extension + Dictionary.swift */; };
		CE74175B2A90096C00486CF9 /* RequestableTests.swift in Sources */ = {isa = PBXBuildFile; fileRef = CE74175A2A90096C00486CF9 /* RequestableTests.swift */; };
/* End PBXBuildFile section */

/* Begin PBXContainerItemProxy section */
		CE7416FB2A8FD2C800486CF9 /* PBXContainerItemProxy */ = {
			isa = PBXContainerItemProxy;
			containerPortal = CE7416E62A8FD2C800486CF9 /* Project object */;
			proxyType = 1;
			remoteGlobalIDString = CE7416EE2A8FD2C800486CF9;
			remoteInfo = "URLSession Framework";
		};
/* End PBXContainerItemProxy section */

/* Begin PBXFileReference section */
		CE7416EF2A8FD2C800486CF9 /* URLSession_Framework.framework */ = {isa = PBXFileReference; explicitFileType = wrapper.framework; includeInIndex = 0; path = URLSession_Framework.framework; sourceTree = BUILT_PRODUCTS_DIR; };
		CE7416F22A8FD2C800486CF9 /* URLSession_Framework.h */ = {isa = PBXFileReference; lastKnownFileType = sourcecode.c.h; path = URLSession_Framework.h; sourceTree = "<group>"; };
		CE7416F32A8FD2C800486CF9 /* URLSession_Framework.docc */ = {isa = PBXFileReference; lastKnownFileType = folder.documentationcatalog; path = URLSession_Framework.docc; sourceTree = "<group>"; };
		CE7416F92A8FD2C800486CF9 /* URLSession FrameworkTests.xctest */ = {isa = PBXFileReference; explicitFileType = wrapper.cfbundle; includeInIndex = 0; path = "URLSession FrameworkTests.xctest"; sourceTree = BUILT_PRODUCTS_DIR; };
		CE7416FE2A8FD2C800486CF9 /* URLSession_FrameworkTests.swift */ = {isa = PBXFileReference; lastKnownFileType = sourcecode.swift; path = URLSession_FrameworkTests.swift; sourceTree = "<group>"; };
		CE7417372A8FD35100486CF9 /* Helper.swift */ = {isa = PBXFileReference; lastKnownFileType = sourcecode.swift; path = Helper.swift; sourceTree = "<group>"; };
		CE74173C2A8FE64700486CF9 /* NetworkManager.swift */ = {isa = PBXFileReference; lastKnownFileType = sourcecode.swift; path = NetworkManager.swift; sourceTree = "<group>"; };
		CE74173E2A8FE65400486CF9 /* Requestable.swift */ = {isa = PBXFileReference; lastKnownFileType = sourcecode.swift; path = Requestable.swift; sourceTree = "<group>"; };
		CE7417402A8FE65F00486CF9 /* NetworkMethod.swift */ = {isa = PBXFileReference; lastKnownFileType = sourcecode.swift; path = NetworkMethod.swift; sourceTree = "<group>"; };
		CE7417422A8FE66900486CF9 /* NetworkTask.swift */ = {isa = PBXFileReference; lastKnownFileType = sourcecode.swift; path = NetworkTask.swift; sourceTree = "<group>"; };
		CE7417442A8FE67400486CF9 /* ImageDownloader.swift */ = {isa = PBXFileReference; lastKnownFileType = sourcecode.swift; path = ImageDownloader.swift; sourceTree = "<group>"; };
		CE7417462A8FE78300486CF9 /* Extension + Data.swift */ = {isa = PBXFileReference; lastKnownFileType = sourcecode.swift; path = "Extension + Data.swift"; sourceTree = "<group>"; };
		CE7417482A8FE86200486CF9 /* Extension + Dictionary.swift */ = {isa = PBXFileReference; lastKnownFileType = sourcecode.swift; path = "Extension + Dictionary.swift"; sourceTree = "<group>"; };
		CE74175A2A90096C00486CF9 /* RequestableTests.swift */ = {isa = PBXFileReference; lastKnownFileType = sourcecode.swift; path = RequestableTests.swift; sourceTree = "<group>"; };
/* End PBXFileReference section */

/* Begin PBXFrameworksBuildPhase section */
		CE7416EC2A8FD2C800486CF9 /* Frameworks */ = {
			isa = PBXFrameworksBuildPhase;
			buildActionMask = 2147483647;
			files = (
			);
			runOnlyForDeploymentPostprocessing = 0;
		};
		CE7416F62A8FD2C800486CF9 /* Frameworks */ = {
			isa = PBXFrameworksBuildPhase;
			buildActionMask = 2147483647;
			files = (
				CE7416FA2A8FD2C800486CF9 /* URLSession_Framework.framework in Frameworks */,
			);
			runOnlyForDeploymentPostprocessing = 0;
		};
/* End PBXFrameworksBuildPhase section */

/* Begin PBXGroup section */
		CE7416E52A8FD2C800486CF9 = {
			isa = PBXGroup;
			children = (
				CE7416F12A8FD2C800486CF9 /* URLSession Framework */,
				CE7416FD2A8FD2C800486CF9 /* URLSession FrameworkTests */,
				CE7416F02A8FD2C800486CF9 /* Products */,
			);
			sourceTree = "<group>";
		};
		CE7416F02A8FD2C800486CF9 /* Products */ = {
			isa = PBXGroup;
			children = (
				CE7416EF2A8FD2C800486CF9 /* URLSession_Framework.framework */,
				CE7416F92A8FD2C800486CF9 /* URLSession FrameworkTests.xctest */,
			);
			name = Products;
			sourceTree = "<group>";
		};
		CE7416F12A8FD2C800486CF9 /* URLSession Framework */ = {
			isa = PBXGroup;
			children = (
				CE7416F22A8FD2C800486CF9 /* URLSession_Framework.h */,
				CE74173B2A8FE63700486CF9 /* Global */,
				CE74173A2A8FE62F00486CF9 /* Network */,
				CE7416F32A8FD2C800486CF9 /* URLSession_Framework.docc */,
			);
			path = "URLSession Framework";
			sourceTree = "<group>";
		};
		CE7416FD2A8FD2C800486CF9 /* URLSession FrameworkTests */ = {
			isa = PBXGroup;
			children = (
				CE7416FE2A8FD2C800486CF9 /* URLSession_FrameworkTests.swift */,
				CE74175A2A90096C00486CF9 /* RequestableTests.swift */,
			);
			path = "URLSession FrameworkTests";
			sourceTree = "<group>";
		};
		CE74173A2A8FE62F00486CF9 /* Network */ = {
			isa = PBXGroup;
			children = (
				CE74173C2A8FE64700486CF9 /* NetworkManager.swift */,
				CE74173E2A8FE65400486CF9 /* Requestable.swift */,
				CE7417402A8FE65F00486CF9 /* NetworkMethod.swift */,
				CE7417422A8FE66900486CF9 /* NetworkTask.swift */,
				CE7417442A8FE67400486CF9 /* ImageDownloader.swift */,
			);
			path = Network;
			sourceTree = "<group>";
		};
		CE74173B2A8FE63700486CF9 /* Global */ = {
			isa = PBXGroup;
			children = (
				CE7417372A8FD35100486CF9 /* Helper.swift */,
				CE7417462A8FE78300486CF9 /* Extension + Data.swift */,
				CE7417482A8FE86200486CF9 /* Extension + Dictionary.swift */,
			);
			path = Global;
			sourceTree = "<group>";
		};
/* End PBXGroup section */

/* Begin PBXHeadersBuildPhase section */
		CE7416EA2A8FD2C800486CF9 /* Headers */ = {
			isa = PBXHeadersBuildPhase;
			buildActionMask = 2147483647;
			files = (
				CE7417002A8FD2C800486CF9 /* URLSession_Framework.h in Headers */,
			);
			runOnlyForDeploymentPostprocessing = 0;
		};
/* End PBXHeadersBuildPhase section */

/* Begin PBXNativeTarget section */
		CE7416EE2A8FD2C800486CF9 /* URLSession Framework */ = {
			isa = PBXNativeTarget;
			buildConfigurationList = CE7417032A8FD2C800486CF9 /* Build configuration list for PBXNativeTarget "URLSession Framework" */;
			buildPhases = (
				CE7416EA2A8FD2C800486CF9 /* Headers */,
				CE7416EB2A8FD2C800486CF9 /* Sources */,
				CE7416EC2A8FD2C800486CF9 /* Frameworks */,
				CE7416ED2A8FD2C800486CF9 /* Resources */,
			);
			buildRules = (
			);
			dependencies = (
			);
			name = "URLSession Framework";
			productName = "URLSession Framework";
			productReference = CE7416EF2A8FD2C800486CF9 /* URLSession_Framework.framework */;
			productType = "com.apple.product-type.framework";
		};
		CE7416F82A8FD2C800486CF9 /* URLSession FrameworkTests */ = {
			isa = PBXNativeTarget;
			buildConfigurationList = CE7417062A8FD2C800486CF9 /* Build configuration list for PBXNativeTarget "URLSession FrameworkTests" */;
			buildPhases = (
				CE7416F52A8FD2C800486CF9 /* Sources */,
				CE7416F62A8FD2C800486CF9 /* Frameworks */,
				CE7416F72A8FD2C800486CF9 /* Resources */,
			);
			buildRules = (
			);
			dependencies = (
				CE7416FC2A8FD2C800486CF9 /* PBXTargetDependency */,
			);
			name = "URLSession FrameworkTests";
			productName = "URLSession FrameworkTests";
			productReference = CE7416F92A8FD2C800486CF9 /* URLSession FrameworkTests.xctest */;
			productType = "com.apple.product-type.bundle.unit-test";
		};
/* End PBXNativeTarget section */

/* Begin PBXProject section */
		CE7416E62A8FD2C800486CF9 /* Project object */ = {
			isa = PBXProject;
			attributes = {
				BuildIndependentTargetsInParallel = 1;
				LastSwiftUpdateCheck = 1410;
				LastUpgradeCheck = 1410;
				TargetAttributes = {
					CE7416EE2A8FD2C800486CF9 = {
						CreatedOnToolsVersion = 14.1;
					};
					CE7416F82A8FD2C800486CF9 = {
						CreatedOnToolsVersion = 14.1;
					};
				};
			};
			buildConfigurationList = CE7416E92A8FD2C800486CF9 /* Build configuration list for PBXProject "URLSession Framework" */;
			compatibilityVersion = "Xcode 14.0";
			developmentRegion = en;
			hasScannedForEncodings = 0;
			knownRegions = (
				en,
				Base,
			);
			mainGroup = CE7416E52A8FD2C800486CF9;
			productRefGroup = CE7416F02A8FD2C800486CF9 /* Products */;
			projectDirPath = "";
			projectRoot = "";
			targets = (
				CE7416EE2A8FD2C800486CF9 /* URLSession Framework */,
				CE7416F82A8FD2C800486CF9 /* URLSession FrameworkTests */,
			);
		};
/* End PBXProject section */

/* Begin PBXResourcesBuildPhase section */
		CE7416ED2A8FD2C800486CF9 /* Resources */ = {
			isa = PBXResourcesBuildPhase;
			buildActionMask = 2147483647;
			files = (
			);
			runOnlyForDeploymentPostprocessing = 0;
		};
		CE7416F72A8FD2C800486CF9 /* Resources */ = {
			isa = PBXResourcesBuildPhase;
			buildActionMask = 2147483647;
			files = (
			);
			runOnlyForDeploymentPostprocessing = 0;
		};
/* End PBXResourcesBuildPhase section */

/* Begin PBXSourcesBuildPhase section */
		CE7416EB2A8FD2C800486CF9 /* Sources */ = {
			isa = PBXSourcesBuildPhase;
			buildActionMask = 2147483647;
			files = (
				CE74173D2A8FE64700486CF9 /* NetworkManager.swift in Sources */,
				CE7417492A8FE86200486CF9 /* Extension + Dictionary.swift in Sources */,
				CE7417432A8FE66900486CF9 /* NetworkTask.swift in Sources */,
				CE7417452A8FE67400486CF9 /* ImageDownloader.swift in Sources */,
				CE7417472A8FE78300486CF9 /* Extension + Data.swift in Sources */,
				CE74173F2A8FE65400486CF9 /* Requestable.swift in Sources */,
				CE7416F42A8FD2C800486CF9 /* URLSession_Framework.docc in Sources */,
				CE7417382A8FD35100486CF9 /* Helper.swift in Sources */,
				CE7417412A8FE65F00486CF9 /* NetworkMethod.swift in Sources */,
			);
			runOnlyForDeploymentPostprocessing = 0;
		};
		CE7416F52A8FD2C800486CF9 /* Sources */ = {
			isa = PBXSourcesBuildPhase;
			buildActionMask = 2147483647;
			files = (
				CE7416FF2A8FD2C800486CF9 /* URLSession_FrameworkTests.swift in Sources */,
				CE74175B2A90096C00486CF9 /* RequestableTests.swift in Sources */,
			);
			runOnlyForDeploymentPostprocessing = 0;
		};
/* End PBXSourcesBuildPhase section */

/* Begin PBXTargetDependency section */
		CE7416FC2A8FD2C800486CF9 /* PBXTargetDependency */ = {
			isa = PBXTargetDependency;
			target = CE7416EE2A8FD2C800486CF9 /* URLSession Framework */;
			targetProxy = CE7416FB2A8FD2C800486CF9 /* PBXContainerItemProxy */;
		};
/* End PBXTargetDependency section */

/* Begin XCBuildConfiguration section */
		CE7417012A8FD2C800486CF9 /* Debug */ = {
			isa = XCBuildConfiguration;
			buildSettings = {
				ALWAYS_SEARCH_USER_PATHS = NO;
				CLANG_ANALYZER_NONNULL = YES;
				CLANG_ANALYZER_NUMBER_OBJECT_CONVERSION = YES_AGGRESSIVE;
				CLANG_CXX_LANGUAGE_STANDARD = "gnu++20";
				CLANG_ENABLE_MODULES = YES;
				CLANG_ENABLE_OBJC_ARC = YES;
				CLANG_ENABLE_OBJC_WEAK = YES;
				CLANG_WARN_BLOCK_CAPTURE_AUTORELEASING = YES;
				CLANG_WARN_BOOL_CONVERSION = YES;
				CLANG_WARN_COMMA = YES;
				CLANG_WARN_CONSTANT_CONVERSION = YES;
				CLANG_WARN_DEPRECATED_OBJC_IMPLEMENTATIONS = YES;
				CLANG_WARN_DIRECT_OBJC_ISA_USAGE = YES_ERROR;
				CLANG_WARN_DOCUMENTATION_COMMENTS = YES;
				CLANG_WARN_EMPTY_BODY = YES;
				CLANG_WARN_ENUM_CONVERSION = YES;
				CLANG_WARN_INFINITE_RECURSION = YES;
				CLANG_WARN_INT_CONVERSION = YES;
				CLANG_WARN_NON_LITERAL_NULL_CONVERSION = YES;
				CLANG_WARN_OBJC_IMPLICIT_RETAIN_SELF = YES;
				CLANG_WARN_OBJC_LITERAL_CONVERSION = YES;
				CLANG_WARN_OBJC_ROOT_CLASS = YES_ERROR;
				CLANG_WARN_QUOTED_INCLUDE_IN_FRAMEWORK_HEADER = YES;
				CLANG_WARN_RANGE_LOOP_ANALYSIS = YES;
				CLANG_WARN_STRICT_PROTOTYPES = YES;
				CLANG_WARN_SUSPICIOUS_MOVE = YES;
				CLANG_WARN_UNGUARDED_AVAILABILITY = YES_AGGRESSIVE;
				CLANG_WARN_UNREACHABLE_CODE = YES;
				CLANG_WARN__DUPLICATE_METHOD_MATCH = YES;
				COPY_PHASE_STRIP = NO;
				CURRENT_PROJECT_VERSION = 1;
				DEBUG_INFORMATION_FORMAT = dwarf;
				ENABLE_STRICT_OBJC_MSGSEND = YES;
				ENABLE_TESTABILITY = YES;
				GCC_C_LANGUAGE_STANDARD = gnu11;
				GCC_DYNAMIC_NO_PIC = NO;
				GCC_NO_COMMON_BLOCKS = YES;
				GCC_OPTIMIZATION_LEVEL = 0;
				GCC_PREPROCESSOR_DEFINITIONS = (
					"DEBUG=1",
					"$(inherited)",
				);
				GCC_WARN_64_TO_32_BIT_CONVERSION = YES;
				GCC_WARN_ABOUT_RETURN_TYPE = YES_ERROR;
				GCC_WARN_UNDECLARED_SELECTOR = YES;
				GCC_WARN_UNINITIALIZED_AUTOS = YES_AGGRESSIVE;
				GCC_WARN_UNUSED_FUNCTION = YES;
				GCC_WARN_UNUSED_VARIABLE = YES;
				IPHONEOS_DEPLOYMENT_TARGET = 16.1;
				MTL_ENABLE_DEBUG_INFO = INCLUDE_SOURCE;
				MTL_FAST_MATH = YES;
				ONLY_ACTIVE_ARCH = YES;
				SDKROOT = iphoneos;
				SWIFT_ACTIVE_COMPILATION_CONDITIONS = DEBUG;
				SWIFT_OPTIMIZATION_LEVEL = "-Onone";
				VERSIONING_SYSTEM = "apple-generic";
				VERSION_INFO_PREFIX = "";
			};
			name = Debug;
		};
		CE7417022A8FD2C800486CF9 /* Release */ = {
			isa = XCBuildConfiguration;
			buildSettings = {
				ALWAYS_SEARCH_USER_PATHS = NO;
				CLANG_ANALYZER_NONNULL = YES;
				CLANG_ANALYZER_NUMBER_OBJECT_CONVERSION = YES_AGGRESSIVE;
				CLANG_CXX_LANGUAGE_STANDARD = "gnu++20";
				CLANG_ENABLE_MODULES = YES;
				CLANG_ENABLE_OBJC_ARC = YES;
				CLANG_ENABLE_OBJC_WEAK = YES;
				CLANG_WARN_BLOCK_CAPTURE_AUTORELEASING = YES;
				CLANG_WARN_BOOL_CONVERSION = YES;
				CLANG_WARN_COMMA = YES;
				CLANG_WARN_CONSTANT_CONVERSION = YES;
				CLANG_WARN_DEPRECATED_OBJC_IMPLEMENTATIONS = YES;
				CLANG_WARN_DIRECT_OBJC_ISA_USAGE = YES_ERROR;
				CLANG_WARN_DOCUMENTATION_COMMENTS = YES;
				CLANG_WARN_EMPTY_BODY = YES;
				CLANG_WARN_ENUM_CONVERSION = YES;
				CLANG_WARN_INFINITE_RECURSION = YES;
				CLANG_WARN_INT_CONVERSION = YES;
				CLANG_WARN_NON_LITERAL_NULL_CONVERSION = YES;
				CLANG_WARN_OBJC_IMPLICIT_RETAIN_SELF = YES;
				CLANG_WARN_OBJC_LITERAL_CONVERSION = YES;
				CLANG_WARN_OBJC_ROOT_CLASS = YES_ERROR;
				CLANG_WARN_QUOTED_INCLUDE_IN_FRAMEWORK_HEADER = YES;
				CLANG_WARN_RANGE_LOOP_ANALYSIS = YES;
				CLANG_WARN_STRICT_PROTOTYPES = YES;
				CLANG_WARN_SUSPICIOUS_MOVE = YES;
				CLANG_WARN_UNGUARDED_AVAILABILITY = YES_AGGRESSIVE;
				CLANG_WARN_UNREACHABLE_CODE = YES;
				CLANG_WARN__DUPLICATE_METHOD_MATCH = YES;
				COPY_PHASE_STRIP = NO;
				CURRENT_PROJECT_VERSION = 1;
				DEBUG_INFORMATION_FORMAT = "dwarf-with-dsym";
				ENABLE_NS_ASSERTIONS = NO;
				ENABLE_STRICT_OBJC_MSGSEND = YES;
				GCC_C_LANGUAGE_STANDARD = gnu11;
				GCC_NO_COMMON_BLOCKS = YES;
				GCC_WARN_64_TO_32_BIT_CONVERSION = YES;
				GCC_WARN_ABOUT_RETURN_TYPE = YES_ERROR;
				GCC_WARN_UNDECLARED_SELECTOR = YES;
				GCC_WARN_UNINITIALIZED_AUTOS = YES_AGGRESSIVE;
				GCC_WARN_UNUSED_FUNCTION = YES;
				GCC_WARN_UNUSED_VARIABLE = YES;
				IPHONEOS_DEPLOYMENT_TARGET = 16.1;
				MTL_ENABLE_DEBUG_INFO = NO;
				MTL_FAST_MATH = YES;
				SDKROOT = iphoneos;
				SWIFT_COMPILATION_MODE = wholemodule;
				SWIFT_OPTIMIZATION_LEVEL = "-O";
				VALIDATE_PRODUCT = YES;
				VERSIONING_SYSTEM = "apple-generic";
				VERSION_INFO_PREFIX = "";
			};
			name = Release;
		};
		CE7417042A8FD2C800486CF9 /* Debug */ = {
			isa = XCBuildConfiguration;
			buildSettings = {
				CODE_SIGN_STYLE = Automatic;
				CURRENT_PROJECT_VERSION = 1;
				DEFINES_MODULE = YES;
				DEVELOPMENT_TEAM = 26VQM6YHFT;
				DYLIB_COMPATIBILITY_VERSION = 1;
				DYLIB_CURRENT_VERSION = 1;
				DYLIB_INSTALL_NAME_BASE = "@rpath";
				GENERATE_INFOPLIST_FILE = YES;
				INFOPLIST_KEY_NSHumanReadableCopyright = "";
				INSTALL_PATH = "$(LOCAL_LIBRARY_DIR)/Frameworks";
				LD_RUNPATH_SEARCH_PATHS = (
					"$(inherited)",
					"@executable_path/Frameworks",
					"@loader_path/Frameworks",
				);
				MARKETING_VERSION = 1.0;
				PRODUCT_BUNDLE_IDENTIFIER = "com.sanada.URLSession-Framework";
				PRODUCT_NAME = "$(TARGET_NAME:c99extidentifier)";
				SKIP_INSTALL = YES;
				SWIFT_EMIT_LOC_STRINGS = YES;
				SWIFT_VERSION = 5.0;
				TARGETED_DEVICE_FAMILY = "1,2";
			};
			name = Debug;
		};
		CE7417052A8FD2C800486CF9 /* Release */ = {
			isa = XCBuildConfiguration;
			buildSettings = {
				CODE_SIGN_STYLE = Automatic;
				CURRENT_PROJECT_VERSION = 1;
				DEFINES_MODULE = YES;
				DEVELOPMENT_TEAM = 26VQM6YHFT;
				DYLIB_COMPATIBILITY_VERSION = 1;
				DYLIB_CURRENT_VERSION = 1;
				DYLIB_INSTALL_NAME_BASE = "@rpath";
				GENERATE_INFOPLIST_FILE = YES;
				INFOPLIST_KEY_NSHumanReadableCopyright = "";
				INSTALL_PATH = "$(LOCAL_LIBRARY_DIR)/Frameworks";
				LD_RUNPATH_SEARCH_PATHS = (
					"$(inherited)",
					"@executable_path/Frameworks",
					"@loader_path/Frameworks",
				);
				MARKETING_VERSION = 1.0;
				PRODUCT_BUNDLE_IDENTIFIER = "com.sanada.URLSession-Framework";
				PRODUCT_NAME = "$(TARGET_NAME:c99extidentifier)";
				SKIP_INSTALL = YES;
				SWIFT_EMIT_LOC_STRINGS = YES;
				SWIFT_VERSION = 5.0;
				TARGETED_DEVICE_FAMILY = "1,2";
			};
			name = Release;
		};
		CE7417072A8FD2C800486CF9 /* Debug */ = {
			isa = XCBuildConfiguration;
			buildSettings = {
				ALWAYS_EMBED_SWIFT_STANDARD_LIBRARIES = YES;
				CODE_SIGN_STYLE = Automatic;
				CURRENT_PROJECT_VERSION = 1;
				DEVELOPMENT_TEAM = 26VQM6YHFT;
				GENERATE_INFOPLIST_FILE = YES;
				MARKETING_VERSION = 1.0;
				PRODUCT_BUNDLE_IDENTIFIER = "com.sanada.URLSession-FrameworkTests";
				PRODUCT_NAME = "$(TARGET_NAME)";
				SWIFT_EMIT_LOC_STRINGS = NO;
				SWIFT_VERSION = 5.0;
				TARGETED_DEVICE_FAMILY = "1,2";
			};
			name = Debug;
		};
		CE7417082A8FD2C800486CF9 /* Release */ = {
			isa = XCBuildConfiguration;
			buildSettings = {
				ALWAYS_EMBED_SWIFT_STANDARD_LIBRARIES = YES;
				CODE_SIGN_STYLE = Automatic;
				CURRENT_PROJECT_VERSION = 1;
				DEVELOPMENT_TEAM = 26VQM6YHFT;
				GENERATE_INFOPLIST_FILE = YES;
				MARKETING_VERSION = 1.0;
				PRODUCT_BUNDLE_IDENTIFIER = "com.sanada.URLSession-FrameworkTests";
				PRODUCT_NAME = "$(TARGET_NAME)";
				SWIFT_EMIT_LOC_STRINGS = NO;
				SWIFT_VERSION = 5.0;
				TARGETED_DEVICE_FAMILY = "1,2";
			};
			name = Release;
		};
/* End XCBuildConfiguration section */

/* Begin XCConfigurationList section */
		CE7416E92A8FD2C800486CF9 /* Build configuration list for PBXProject "URLSession Framework" */ = {
			isa = XCConfigurationList;
			buildConfigurations = (
				CE7417012A8FD2C800486CF9 /* Debug */,
				CE7417022A8FD2C800486CF9 /* Release */,
			);
			defaultConfigurationIsVisible = 0;
			defaultConfigurationName = Release;
		};
		CE7417032A8FD2C800486CF9 /* Build configuration list for PBXNativeTarget "URLSession Framework" */ = {
			isa = XCConfigurationList;
			buildConfigurations = (
				CE7417042A8FD2C800486CF9 /* Debug */,
				CE7417052A8FD2C800486CF9 /* Release */,
			);
			defaultConfigurationIsVisible = 0;
			defaultConfigurationName = Release;
		};
		CE7417062A8FD2C800486CF9 /* Build configuration list for PBXNativeTarget "URLSession FrameworkTests" */ = {
			isa = XCConfigurationList;
			buildConfigurations = (
				CE7417072A8FD2C800486CF9 /* Debug */,
				CE7417082A8FD2C800486CF9 /* Release */,
			);
			defaultConfigurationIsVisible = 0;
			defaultConfigurationName = Release;
		};
/* End XCConfigurationList section */
	};
	rootObject = CE7416E62A8FD2C800486CF9 /* Project object */;
}
